// !$*UTF8*$!
{
	archiveVersion = 1;
	classes = {
	};
	objectVersion = 56;
	objects = {

/* Begin PBXBuildFile section */
		FE00A7622AAE091C0061989B /* CircleButtonAnimationView.swift in Sources */ = {isa = PBXBuildFile; fileRef = FE00A7612AAE091C0061989B /* CircleButtonAnimationView.swift */; };
		FE268CE42AADF82C001458FD /* CryptoApp.swift in Sources */ = {isa = PBXBuildFile; fileRef = FE268CE32AADF82C001458FD /* CryptoApp.swift */; };
		FE268CE62AADF82C001458FD /* ContentView.swift in Sources */ = {isa = PBXBuildFile; fileRef = FE268CE52AADF82C001458FD /* ContentView.swift */; };
		FE268CEB2AADF82E001458FD /* Preview Assets.xcassets in Resources */ = {isa = PBXBuildFile; fileRef = FE268CEA2AADF82E001458FD /* Preview Assets.xcassets */; };
		FE268CF52AADF82E001458FD /* CryptoAppTests.swift in Sources */ = {isa = PBXBuildFile; fileRef = FE268CF42AADF82E001458FD /* CryptoAppTests.swift */; };
		FE268CFF2AADF82E001458FD /* CryptoAppUITests.swift in Sources */ = {isa = PBXBuildFile; fileRef = FE268CFE2AADF82E001458FD /* CryptoAppUITests.swift */; };
		FE268D012AADF82E001458FD /* CryptoAppUITestsLaunchTests.swift in Sources */ = {isa = PBXBuildFile; fileRef = FE268D002AADF82E001458FD /* CryptoAppUITestsLaunchTests.swift */; };
		FE268D102AADFA9C001458FD /* Assets.xcassets in Resources */ = {isa = PBXBuildFile; fileRef = FE268D0F2AADFA9C001458FD /* Assets.xcassets */; };
		FE268D132AADFB06001458FD /* Color.swift in Sources */ = {isa = PBXBuildFile; fileRef = FE268D122AADFB06001458FD /* Color.swift */; };
		FE268D192AAE00CC001458FD /* HomeView.swift in Sources */ = {isa = PBXBuildFile; fileRef = FE268D182AAE00CC001458FD /* HomeView.swift */; };
		FE268D1D2AAE01E9001458FD /* CircleButton.swift in Sources */ = {isa = PBXBuildFile; fileRef = FE268D1C2AAE01E9001458FD /* CircleButton.swift */; };
		FE282AFC2AB4453C00BC3544 /* LocalFileManager.swift in Sources */ = {isa = PBXBuildFile; fileRef = FE282AFB2AB4453C00BC3544 /* LocalFileManager.swift */; };
		FE282AFE2AB46A5B00BC3544 /* SearchBarView.swift in Sources */ = {isa = PBXBuildFile; fileRef = FE282AFD2AB46A5A00BC3544 /* SearchBarView.swift */; };
		FE282B002AB4708800BC3544 /* UIApplication.swift in Sources */ = {isa = PBXBuildFile; fileRef = FE282AFF2AB4708800BC3544 /* UIApplication.swift */; };
		FE282B022AB4863C00BC3544 /* StatisticModel.swift in Sources */ = {isa = PBXBuildFile; fileRef = FE282B012AB4863C00BC3544 /* StatisticModel.swift */; };
		FE282B042AB487BA00BC3544 /* StatisticView.swift in Sources */ = {isa = PBXBuildFile; fileRef = FE282B032AB487BA00BC3544 /* StatisticView.swift */; };
		FE282B062AB4A41F00BC3544 /* HomeStatsView.swift in Sources */ = {isa = PBXBuildFile; fileRef = FE282B052AB4A41F00BC3544 /* HomeStatsView.swift */; };
		FE282B082AB4A9DF00BC3544 /* MarketDataModel.swift in Sources */ = {isa = PBXBuildFile; fileRef = FE282B072AB4A9DF00BC3544 /* MarketDataModel.swift */; };
		FE282B0A2AB4ADFC00BC3544 /* MarketDataService.swift in Sources */ = {isa = PBXBuildFile; fileRef = FE282B092AB4ADFC00BC3544 /* MarketDataService.swift */; };
		FE3739382AAF26FC002328CF /* CoinModel.swift in Sources */ = {isa = PBXBuildFile; fileRef = FE3739372AAF26FC002328CF /* CoinModel.swift */; };
		FE37393A2AAF34BF002328CF /* CoinRowView.swift in Sources */ = {isa = PBXBuildFile; fileRef = FE3739392AAF34BF002328CF /* CoinRowView.swift */; };
		FE37393C2AAF351D002328CF /* PreviewProvider.swift in Sources */ = {isa = PBXBuildFile; fileRef = FE37393B2AAF351D002328CF /* PreviewProvider.swift */; };
		FE37393E2AAF4138002328CF /* Double.swift in Sources */ = {isa = PBXBuildFile; fileRef = FE37393D2AAF4138002328CF /* Double.swift */; };
		FE3739402AAF60C4002328CF /* HomeViewModel.swift in Sources */ = {isa = PBXBuildFile; fileRef = FE37393F2AAF60C4002328CF /* HomeViewModel.swift */; };
		FEB0DE552AB04EFF004B30F2 /* CoinDataService.swift in Sources */ = {isa = PBXBuildFile; fileRef = FEB0DE542AB04EFF004B30F2 /* CoinDataService.swift */; };
		FEB0DE582AB0864A004B30F2 /* NetworkingManager.swift in Sources */ = {isa = PBXBuildFile; fileRef = FEB0DE572AB0864A004B30F2 /* NetworkingManager.swift */; };
		FEB0DE5B2AB0A153004B30F2 /* CoinImageView.swift in Sources */ = {isa = PBXBuildFile; fileRef = FEB0DE5A2AB0A153004B30F2 /* CoinImageView.swift */; };
		FEB0DE5D2AB0A5C6004B30F2 /* CoinImageService.swift in Sources */ = {isa = PBXBuildFile; fileRef = FEB0DE5C2AB0A5C6004B30F2 /* CoinImageService.swift */; };
		FEB0DE5F2AB0A763004B30F2 /* CoinImageViewModel.swift in Sources */ = {isa = PBXBuildFile; fileRef = FEB0DE5E2AB0A763004B30F2 /* CoinImageViewModel.swift */; };
/* End PBXBuildFile section */

/* Begin PBXContainerItemProxy section */
		FE268CF12AADF82E001458FD /* PBXContainerItemProxy */ = {
			isa = PBXContainerItemProxy;
			containerPortal = FE268CD82AADF82C001458FD /* Project object */;
			proxyType = 1;
			remoteGlobalIDString = FE268CDF2AADF82C001458FD;
			remoteInfo = CryptoApp;
		};
		FE268CFB2AADF82E001458FD /* PBXContainerItemProxy */ = {
			isa = PBXContainerItemProxy;
			containerPortal = FE268CD82AADF82C001458FD /* Project object */;
			proxyType = 1;
			remoteGlobalIDString = FE268CDF2AADF82C001458FD;
			remoteInfo = CryptoApp;
		};
/* End PBXContainerItemProxy section */

/* Begin PBXFileReference section */
		FE00A7612AAE091C0061989B /* CircleButtonAnimationView.swift */ = {isa = PBXFileReference; lastKnownFileType = sourcecode.swift; path = CircleButtonAnimationView.swift; sourceTree = "<group>"; };
		FE268CE02AADF82C001458FD /* CryptoApp.app */ = {isa = PBXFileReference; explicitFileType = wrapper.application; includeInIndex = 0; path = CryptoApp.app; sourceTree = BUILT_PRODUCTS_DIR; };
		FE268CE32AADF82C001458FD /* CryptoApp.swift */ = {isa = PBXFileReference; lastKnownFileType = sourcecode.swift; path = CryptoApp.swift; sourceTree = "<group>"; };
		FE268CE52AADF82C001458FD /* ContentView.swift */ = {isa = PBXFileReference; lastKnownFileType = sourcecode.swift; path = ContentView.swift; sourceTree = "<group>"; };
		FE268CEA2AADF82E001458FD /* Preview Assets.xcassets */ = {isa = PBXFileReference; lastKnownFileType = folder.assetcatalog; path = "Preview Assets.xcassets"; sourceTree = "<group>"; };
		FE268CF02AADF82E001458FD /* CryptoAppTests.xctest */ = {isa = PBXFileReference; explicitFileType = wrapper.cfbundle; includeInIndex = 0; path = CryptoAppTests.xctest; sourceTree = BUILT_PRODUCTS_DIR; };
		FE268CF42AADF82E001458FD /* CryptoAppTests.swift */ = {isa = PBXFileReference; lastKnownFileType = sourcecode.swift; path = CryptoAppTests.swift; sourceTree = "<group>"; };
		FE268CFA2AADF82E001458FD /* CryptoAppUITests.xctest */ = {isa = PBXFileReference; explicitFileType = wrapper.cfbundle; includeInIndex = 0; path = CryptoAppUITests.xctest; sourceTree = BUILT_PRODUCTS_DIR; };
		FE268CFE2AADF82E001458FD /* CryptoAppUITests.swift */ = {isa = PBXFileReference; lastKnownFileType = sourcecode.swift; path = CryptoAppUITests.swift; sourceTree = "<group>"; };
		FE268D002AADF82E001458FD /* CryptoAppUITestsLaunchTests.swift */ = {isa = PBXFileReference; lastKnownFileType = sourcecode.swift; path = CryptoAppUITestsLaunchTests.swift; sourceTree = "<group>"; };
		FE268D0F2AADFA9C001458FD /* Assets.xcassets */ = {isa = PBXFileReference; lastKnownFileType = folder.assetcatalog; path = Assets.xcassets; sourceTree = "<group>"; };
		FE268D122AADFB06001458FD /* Color.swift */ = {isa = PBXFileReference; lastKnownFileType = sourcecode.swift; path = Color.swift; sourceTree = "<group>"; };
		FE268D182AAE00CC001458FD /* HomeView.swift */ = {isa = PBXFileReference; lastKnownFileType = sourcecode.swift; path = HomeView.swift; sourceTree = "<group>"; };
		FE268D1C2AAE01E9001458FD /* CircleButton.swift */ = {isa = PBXFileReference; lastKnownFileType = sourcecode.swift; path = CircleButton.swift; sourceTree = "<group>"; };
		FE282AFB2AB4453C00BC3544 /* LocalFileManager.swift */ = {isa = PBXFileReference; lastKnownFileType = sourcecode.swift; path = LocalFileManager.swift; sourceTree = "<group>"; };
		FE282AFD2AB46A5A00BC3544 /* SearchBarView.swift */ = {isa = PBXFileReference; lastKnownFileType = sourcecode.swift; path = SearchBarView.swift; sourceTree = "<group>"; };
		FE282AFF2AB4708800BC3544 /* UIApplication.swift */ = {isa = PBXFileReference; lastKnownFileType = sourcecode.swift; path = UIApplication.swift; sourceTree = "<group>"; };
		FE282B012AB4863C00BC3544 /* StatisticModel.swift */ = {isa = PBXFileReference; lastKnownFileType = sourcecode.swift; path = StatisticModel.swift; sourceTree = "<group>"; };
		FE282B032AB487BA00BC3544 /* StatisticView.swift */ = {isa = PBXFileReference; lastKnownFileType = sourcecode.swift; path = StatisticView.swift; sourceTree = "<group>"; };
		FE282B052AB4A41F00BC3544 /* HomeStatsView.swift */ = {isa = PBXFileReference; lastKnownFileType = sourcecode.swift; path = HomeStatsView.swift; sourceTree = "<group>"; };
		FE282B072AB4A9DF00BC3544 /* MarketDataModel.swift */ = {isa = PBXFileReference; lastKnownFileType = sourcecode.swift; path = MarketDataModel.swift; sourceTree = "<group>"; };
		FE282B092AB4ADFC00BC3544 /* MarketDataService.swift */ = {isa = PBXFileReference; lastKnownFileType = sourcecode.swift; path = MarketDataService.swift; sourceTree = "<group>"; };
		FE3739372AAF26FC002328CF /* CoinModel.swift */ = {isa = PBXFileReference; lastKnownFileType = sourcecode.swift; path = CoinModel.swift; sourceTree = "<group>"; };
		FE3739392AAF34BF002328CF /* CoinRowView.swift */ = {isa = PBXFileReference; lastKnownFileType = sourcecode.swift; path = CoinRowView.swift; sourceTree = "<group>"; };
		FE37393B2AAF351D002328CF /* PreviewProvider.swift */ = {isa = PBXFileReference; lastKnownFileType = sourcecode.swift; path = PreviewProvider.swift; sourceTree = "<group>"; };
		FE37393D2AAF4138002328CF /* Double.swift */ = {isa = PBXFileReference; lastKnownFileType = sourcecode.swift; path = Double.swift; sourceTree = "<group>"; };
		FE37393F2AAF60C4002328CF /* HomeViewModel.swift */ = {isa = PBXFileReference; lastKnownFileType = sourcecode.swift; path = HomeViewModel.swift; sourceTree = "<group>"; };
		FEB0DE542AB04EFF004B30F2 /* CoinDataService.swift */ = {isa = PBXFileReference; lastKnownFileType = sourcecode.swift; path = CoinDataService.swift; sourceTree = "<group>"; };
		FEB0DE572AB0864A004B30F2 /* NetworkingManager.swift */ = {isa = PBXFileReference; lastKnownFileType = sourcecode.swift; path = NetworkingManager.swift; sourceTree = "<group>"; };
		FEB0DE5A2AB0A153004B30F2 /* CoinImageView.swift */ = {isa = PBXFileReference; lastKnownFileType = sourcecode.swift; path = CoinImageView.swift; sourceTree = "<group>"; };
		FEB0DE5C2AB0A5C6004B30F2 /* CoinImageService.swift */ = {isa = PBXFileReference; lastKnownFileType = sourcecode.swift; path = CoinImageService.swift; sourceTree = "<group>"; };
		FEB0DE5E2AB0A763004B30F2 /* CoinImageViewModel.swift */ = {isa = PBXFileReference; lastKnownFileType = sourcecode.swift; path = CoinImageViewModel.swift; sourceTree = "<group>"; };
/* End PBXFileReference section */

/* Begin PBXFrameworksBuildPhase section */
		FE268CDD2AADF82C001458FD /* Frameworks */ = {
			isa = PBXFrameworksBuildPhase;
			buildActionMask = 2147483647;
			files = (
			);
			runOnlyForDeploymentPostprocessing = 0;
		};
		FE268CED2AADF82E001458FD /* Frameworks */ = {
			isa = PBXFrameworksBuildPhase;
			buildActionMask = 2147483647;
			files = (
			);
			runOnlyForDeploymentPostprocessing = 0;
		};
		FE268CF72AADF82E001458FD /* Frameworks */ = {
			isa = PBXFrameworksBuildPhase;
			buildActionMask = 2147483647;
			files = (
			);
			runOnlyForDeploymentPostprocessing = 0;
		};
/* End PBXFrameworksBuildPhase section */

/* Begin PBXGroup section */
		16EBA6B2362584374BB3F2C9 /* Pods */ = {
			isa = PBXGroup;
			children = (
			);
			path = Pods;
			sourceTree = "<group>";
		};
		FE268CD72AADF82C001458FD = {
			isa = PBXGroup;
			children = (
				FE268CE22AADF82C001458FD /* CryptoApp */,
				FE268CF32AADF82E001458FD /* CryptoAppTests */,
				FE268CFD2AADF82E001458FD /* CryptoAppUITests */,
				FE268CE12AADF82C001458FD /* Products */,
				16EBA6B2362584374BB3F2C9 /* Pods */,
			);
			sourceTree = "<group>";
		};
		FE268CE12AADF82C001458FD /* Products */ = {
			isa = PBXGroup;
			children = (
				FE268CE02AADF82C001458FD /* CryptoApp.app */,
				FE268CF02AADF82E001458FD /* CryptoAppTests.xctest */,
				FE268CFA2AADF82E001458FD /* CryptoAppUITests.xctest */,
			);
			name = Products;
			sourceTree = "<group>";
		};
		FE268CE22AADF82C001458FD /* CryptoApp */ = {
			isa = PBXGroup;
			children = (
				FEB0DE562AB08601004B30F2 /* Utilities */,
				FE268D112AADFAED001458FD /* Extensions */,
				FEB0DE532AB04EB5004B30F2 /* Services */,
				FE3739362AAF26E2002328CF /* Models */,
				FE268D142AAE0088001458FD /* Core */,
				FE268D0F2AADFA9C001458FD /* Assets.xcassets */,
				FE268CE32AADF82C001458FD /* CryptoApp.swift */,
				FE268CE52AADF82C001458FD /* ContentView.swift */,
				FE268CE92AADF82E001458FD /* Preview Content */,
			);
			path = CryptoApp;
			sourceTree = "<group>";
		};
		FE268CE92AADF82E001458FD /* Preview Content */ = {
			isa = PBXGroup;
			children = (
				FE268CEA2AADF82E001458FD /* Preview Assets.xcassets */,
			);
			path = "Preview Content";
			sourceTree = "<group>";
		};
		FE268CF32AADF82E001458FD /* CryptoAppTests */ = {
			isa = PBXGroup;
			children = (
				FE268CF42AADF82E001458FD /* CryptoAppTests.swift */,
			);
			path = CryptoAppTests;
			sourceTree = "<group>";
		};
		FE268CFD2AADF82E001458FD /* CryptoAppUITests */ = {
			isa = PBXGroup;
			children = (
				FE268CFE2AADF82E001458FD /* CryptoAppUITests.swift */,
				FE268D002AADF82E001458FD /* CryptoAppUITestsLaunchTests.swift */,
			);
			path = CryptoAppUITests;
			sourceTree = "<group>";
		};
		FE268D112AADFAED001458FD /* Extensions */ = {
			isa = PBXGroup;
			children = (
				FE268D122AADFB06001458FD /* Color.swift */,
				FE37393B2AAF351D002328CF /* PreviewProvider.swift */,
				FE37393D2AAF4138002328CF /* Double.swift */,
				FE282AFF2AB4708800BC3544 /* UIApplication.swift */,
			);
			path = Extensions;
			sourceTree = "<group>";
		};
		FE268D142AAE0088001458FD /* Core */ = {
			isa = PBXGroup;
			children = (
				FE268D1A2AAE01C8001458FD /* Components */,
				FE268D152AAE008E001458FD /* Home */,
			);
			path = Core;
			sourceTree = "<group>";
		};
		FE268D152AAE008E001458FD /* Home */ = {
			isa = PBXGroup;
			children = (
				FE268D172AAE009B001458FD /* ViewModels */,
				FE268D162AAE0093001458FD /* Views */,
			);
			path = Home;
			sourceTree = "<group>";
		};
		FE268D162AAE0093001458FD /* Views */ = {
			isa = PBXGroup;
			children = (
				FE268D182AAE00CC001458FD /* HomeView.swift */,
				FE3739392AAF34BF002328CF /* CoinRowView.swift */,
				FE282B052AB4A41F00BC3544 /* HomeStatsView.swift */,
			);
			path = Views;
			sourceTree = "<group>";
		};
		FE268D172AAE009B001458FD /* ViewModels */ = {
			isa = PBXGroup;
			children = (
				FE37393F2AAF60C4002328CF /* HomeViewModel.swift */,
			);
			path = ViewModels;
			sourceTree = "<group>";
		};
		FE268D1A2AAE01C8001458FD /* Components */ = {
			isa = PBXGroup;
			children = (
				FEB0DE592AB0A122004B30F2 /* CoinImage */,
				FE268D1B2AAE01CF001458FD /* CircleButton */,
				FE282AFD2AB46A5A00BC3544 /* SearchBarView.swift */,
				FE282B032AB487BA00BC3544 /* StatisticView.swift */,
			);
			path = Components;
			sourceTree = "<group>";
		};
		FE268D1B2AAE01CF001458FD /* CircleButton */ = {
			isa = PBXGroup;
			children = (
				FE268D1C2AAE01E9001458FD /* CircleButton.swift */,
				FE00A7612AAE091C0061989B /* CircleButtonAnimationView.swift */,
			);
			path = CircleButton;
			sourceTree = "<group>";
		};
		FE3739362AAF26E2002328CF /* Models */ = {
			isa = PBXGroup;
			children = (
				FE3739372AAF26FC002328CF /* CoinModel.swift */,
				FE282B012AB4863C00BC3544 /* StatisticModel.swift */,
				FE282B072AB4A9DF00BC3544 /* MarketDataModel.swift */,
			);
			path = Models;
			sourceTree = "<group>";
		};
		FEB0DE532AB04EB5004B30F2 /* Services */ = {
			isa = PBXGroup;
			children = (
				FEB0DE542AB04EFF004B30F2 /* CoinDataService.swift */,
				FEB0DE5C2AB0A5C6004B30F2 /* CoinImageService.swift */,
				FE282B092AB4ADFC00BC3544 /* MarketDataService.swift */,
			);
			path = Services;
			sourceTree = "<group>";
		};
		FEB0DE562AB08601004B30F2 /* Utilities */ = {
			isa = PBXGroup;
			children = (
				FEB0DE572AB0864A004B30F2 /* NetworkingManager.swift */,
				FE282AFB2AB4453C00BC3544 /* LocalFileManager.swift */,
			);
			path = Utilities;
			sourceTree = "<group>";
		};
		FEB0DE592AB0A122004B30F2 /* CoinImage */ = {
			isa = PBXGroup;
			children = (
				FEB0DE5A2AB0A153004B30F2 /* CoinImageView.swift */,
				FEB0DE5E2AB0A763004B30F2 /* CoinImageViewModel.swift */,
			);
			path = CoinImage;
			sourceTree = "<group>";
		};
/* End PBXGroup section */

/* Begin PBXNativeTarget section */
		FE268CDF2AADF82C001458FD /* CryptoApp */ = {
			isa = PBXNativeTarget;
			buildConfigurationList = FE268D042AADF82E001458FD /* Build configuration list for PBXNativeTarget "CryptoApp" */;
			buildPhases = (
				FE268CDC2AADF82C001458FD /* Sources */,
				FE268CDD2AADF82C001458FD /* Frameworks */,
				FE268CDE2AADF82C001458FD /* Resources */,
			);
			buildRules = (
			);
			dependencies = (
			);
			name = CryptoApp;
			productName = CryptoApp;
			productReference = FE268CE02AADF82C001458FD /* CryptoApp.app */;
			productType = "com.apple.product-type.application";
		};
		FE268CEF2AADF82E001458FD /* CryptoAppTests */ = {
			isa = PBXNativeTarget;
			buildConfigurationList = FE268D072AADF82E001458FD /* Build configuration list for PBXNativeTarget "CryptoAppTests" */;
			buildPhases = (
				FE268CEC2AADF82E001458FD /* Sources */,
				FE268CED2AADF82E001458FD /* Frameworks */,
				FE268CEE2AADF82E001458FD /* Resources */,
			);
			buildRules = (
			);
			dependencies = (
				FE268CF22AADF82E001458FD /* PBXTargetDependency */,
			);
			name = CryptoAppTests;
			productName = CryptoAppTests;
			productReference = FE268CF02AADF82E001458FD /* CryptoAppTests.xctest */;
			productType = "com.apple.product-type.bundle.unit-test";
		};
		FE268CF92AADF82E001458FD /* CryptoAppUITests */ = {
			isa = PBXNativeTarget;
			buildConfigurationList = FE268D0A2AADF82E001458FD /* Build configuration list for PBXNativeTarget "CryptoAppUITests" */;
			buildPhases = (
				FE268CF62AADF82E001458FD /* Sources */,
				FE268CF72AADF82E001458FD /* Frameworks */,
				FE268CF82AADF82E001458FD /* Resources */,
			);
			buildRules = (
			);
			dependencies = (
				FE268CFC2AADF82E001458FD /* PBXTargetDependency */,
			);
			name = CryptoAppUITests;
			productName = CryptoAppUITests;
			productReference = FE268CFA2AADF82E001458FD /* CryptoAppUITests.xctest */;
			productType = "com.apple.product-type.bundle.ui-testing";
		};
/* End PBXNativeTarget section */

/* Begin PBXProject section */
		FE268CD82AADF82C001458FD /* Project object */ = {
			isa = PBXProject;
			attributes = {
				BuildIndependentTargetsInParallel = 1;
				LastSwiftUpdateCheck = 1400;
				LastUpgradeCheck = 1400;
				TargetAttributes = {
					FE268CDF2AADF82C001458FD = {
						CreatedOnToolsVersion = 14.0.1;
					};
					FE268CEF2AADF82E001458FD = {
						CreatedOnToolsVersion = 14.0.1;
						TestTargetID = FE268CDF2AADF82C001458FD;
					};
					FE268CF92AADF82E001458FD = {
						CreatedOnToolsVersion = 14.0.1;
						TestTargetID = FE268CDF2AADF82C001458FD;
					};
				};
			};
			buildConfigurationList = FE268CDB2AADF82C001458FD /* Build configuration list for PBXProject "CryptoApp" */;
			compatibilityVersion = "Xcode 14.0";
			developmentRegion = en;
			hasScannedForEncodings = 0;
			knownRegions = (
				en,
				Base,
			);
			mainGroup = FE268CD72AADF82C001458FD;
			productRefGroup = FE268CE12AADF82C001458FD /* Products */;
			projectDirPath = "";
			projectRoot = "";
			targets = (
				FE268CDF2AADF82C001458FD /* CryptoApp */,
				FE268CEF2AADF82E001458FD /* CryptoAppTests */,
				FE268CF92AADF82E001458FD /* CryptoAppUITests */,
			);
		};
/* End PBXProject section */

/* Begin PBXResourcesBuildPhase section */
		FE268CDE2AADF82C001458FD /* Resources */ = {
			isa = PBXResourcesBuildPhase;
			buildActionMask = 2147483647;
			files = (
				FE268CEB2AADF82E001458FD /* Preview Assets.xcassets in Resources */,
				FE268D102AADFA9C001458FD /* Assets.xcassets in Resources */,
			);
			runOnlyForDeploymentPostprocessing = 0;
		};
		FE268CEE2AADF82E001458FD /* Resources */ = {
			isa = PBXResourcesBuildPhase;
			buildActionMask = 2147483647;
			files = (
			);
			runOnlyForDeploymentPostprocessing = 0;
		};
		FE268CF82AADF82E001458FD /* Resources */ = {
			isa = PBXResourcesBuildPhase;
			buildActionMask = 2147483647;
			files = (
			);
			runOnlyForDeploymentPostprocessing = 0;
		};
/* End PBXResourcesBuildPhase section */

/* Begin PBXSourcesBuildPhase section */
		FE268CDC2AADF82C001458FD /* Sources */ = {
			isa = PBXSourcesBuildPhase;
			buildActionMask = 2147483647;
			files = (
				FE282B022AB4863C00BC3544 /* StatisticModel.swift in Sources */,
				FEB0DE552AB04EFF004B30F2 /* CoinDataService.swift in Sources */,
				FE37393A2AAF34BF002328CF /* CoinRowView.swift in Sources */,
				FE282B062AB4A41F00BC3544 /* HomeStatsView.swift in Sources */,
				FE3739402AAF60C4002328CF /* HomeViewModel.swift in Sources */,
				FE268D1D2AAE01E9001458FD /* CircleButton.swift in Sources */,
				FE282B082AB4A9DF00BC3544 /* MarketDataModel.swift in Sources */,
				FE282AFC2AB4453C00BC3544 /* LocalFileManager.swift in Sources */,
				FE268CE62AADF82C001458FD /* ContentView.swift in Sources */,
				FE282B042AB487BA00BC3544 /* StatisticView.swift in Sources */,
				FEB0DE5B2AB0A153004B30F2 /* CoinImageView.swift in Sources */,
				FE268D192AAE00CC001458FD /* HomeView.swift in Sources */,
				FE282B002AB4708800BC3544 /* UIApplication.swift in Sources */,
				FE268CE42AADF82C001458FD /* CryptoApp.swift in Sources */,
				FE268D132AADFB06001458FD /* Color.swift in Sources */,
				FE282AFE2AB46A5B00BC3544 /* SearchBarView.swift in Sources */,
				FEB0DE582AB0864A004B30F2 /* NetworkingManager.swift in Sources */,
				FE282B0A2AB4ADFC00BC3544 /* MarketDataService.swift in Sources */,
				FE00A7622AAE091C0061989B /* CircleButtonAnimationView.swift in Sources */,
				FEB0DE5F2AB0A763004B30F2 /* CoinImageViewModel.swift in Sources */,
				FE37393C2AAF351D002328CF /* PreviewProvider.swift in Sources */,
				FE37393E2AAF4138002328CF /* Double.swift in Sources */,
				FEB0DE5D2AB0A5C6004B30F2 /* CoinImageService.swift in Sources */,
				FE3739382AAF26FC002328CF /* CoinModel.swift in Sources */,
			);
			runOnlyForDeploymentPostprocessing = 0;
		};
		FE268CEC2AADF82E001458FD /* Sources */ = {
			isa = PBXSourcesBuildPhase;
			buildActionMask = 2147483647;
			files = (
				FE268CF52AADF82E001458FD /* CryptoAppTests.swift in Sources */,
			);
			runOnlyForDeploymentPostprocessing = 0;
		};
		FE268CF62AADF82E001458FD /* Sources */ = {
			isa = PBXSourcesBuildPhase;
			buildActionMask = 2147483647;
			files = (
				FE268CFF2AADF82E001458FD /* CryptoAppUITests.swift in Sources */,
				FE268D012AADF82E001458FD /* CryptoAppUITestsLaunchTests.swift in Sources */,
			);
			runOnlyForDeploymentPostprocessing = 0;
		};
/* End PBXSourcesBuildPhase section */

/* Begin PBXTargetDependency section */
		FE268CF22AADF82E001458FD /* PBXTargetDependency */ = {
			isa = PBXTargetDependency;
			target = FE268CDF2AADF82C001458FD /* CryptoApp */;
			targetProxy = FE268CF12AADF82E001458FD /* PBXContainerItemProxy */;
		};
		FE268CFC2AADF82E001458FD /* PBXTargetDependency */ = {
			isa = PBXTargetDependency;
			target = FE268CDF2AADF82C001458FD /* CryptoApp */;
			targetProxy = FE268CFB2AADF82E001458FD /* PBXContainerItemProxy */;
		};
/* End PBXTargetDependency section */

/* Begin XCBuildConfiguration section */
		FE268D022AADF82E001458FD /* Debug */ = {
			isa = XCBuildConfiguration;
			buildSettings = {
				ALWAYS_SEARCH_USER_PATHS = NO;
				CLANG_ANALYZER_NONNULL = YES;
				CLANG_ANALYZER_NUMBER_OBJECT_CONVERSION = YES_AGGRESSIVE;
				CLANG_CXX_LANGUAGE_STANDARD = "gnu++20";
				CLANG_ENABLE_MODULES = YES;
				CLANG_ENABLE_OBJC_ARC = YES;
				CLANG_ENABLE_OBJC_WEAK = YES;
				CLANG_WARN_BLOCK_CAPTURE_AUTORELEASING = YES;
				CLANG_WARN_BOOL_CONVERSION = YES;
				CLANG_WARN_COMMA = YES;
				CLANG_WARN_CONSTANT_CONVERSION = YES;
				CLANG_WARN_DEPRECATED_OBJC_IMPLEMENTATIONS = YES;
				CLANG_WARN_DIRECT_OBJC_ISA_USAGE = YES_ERROR;
				CLANG_WARN_DOCUMENTATION_COMMENTS = YES;
				CLANG_WARN_EMPTY_BODY = YES;
				CLANG_WARN_ENUM_CONVERSION = YES;
				CLANG_WARN_INFINITE_RECURSION = YES;
				CLANG_WARN_INT_CONVERSION = YES;
				CLANG_WARN_NON_LITERAL_NULL_CONVERSION = YES;
				CLANG_WARN_OBJC_IMPLICIT_RETAIN_SELF = YES;
				CLANG_WARN_OBJC_LITERAL_CONVERSION = YES;
				CLANG_WARN_OBJC_ROOT_CLASS = YES_ERROR;
				CLANG_WARN_QUOTED_INCLUDE_IN_FRAMEWORK_HEADER = YES;
				CLANG_WARN_RANGE_LOOP_ANALYSIS = YES;
				CLANG_WARN_STRICT_PROTOTYPES = YES;
				CLANG_WARN_SUSPICIOUS_MOVE = YES;
				CLANG_WARN_UNGUARDED_AVAILABILITY = YES_AGGRESSIVE;
				CLANG_WARN_UNREACHABLE_CODE = YES;
				CLANG_WARN__DUPLICATE_METHOD_MATCH = YES;
				COPY_PHASE_STRIP = NO;
				DEBUG_INFORMATION_FORMAT = dwarf;
				ENABLE_STRICT_OBJC_MSGSEND = YES;
				ENABLE_TESTABILITY = YES;
				GCC_C_LANGUAGE_STANDARD = gnu11;
				GCC_DYNAMIC_NO_PIC = NO;
				GCC_NO_COMMON_BLOCKS = YES;
				GCC_OPTIMIZATION_LEVEL = 0;
				GCC_PREPROCESSOR_DEFINITIONS = (
					"DEBUG=1",
					"$(inherited)",
				);
				GCC_WARN_64_TO_32_BIT_CONVERSION = YES;
				GCC_WARN_ABOUT_RETURN_TYPE = YES_ERROR;
				GCC_WARN_UNDECLARED_SELECTOR = YES;
				GCC_WARN_UNINITIALIZED_AUTOS = YES_AGGRESSIVE;
				GCC_WARN_UNUSED_FUNCTION = YES;
				GCC_WARN_UNUSED_VARIABLE = YES;
				IPHONEOS_DEPLOYMENT_TARGET = 16.0;
				MTL_ENABLE_DEBUG_INFO = INCLUDE_SOURCE;
				MTL_FAST_MATH = YES;
				ONLY_ACTIVE_ARCH = YES;
				SDKROOT = iphoneos;
				SWIFT_ACTIVE_COMPILATION_CONDITIONS = DEBUG;
				SWIFT_OPTIMIZATION_LEVEL = "-Onone";
			};
			name = Debug;
		};
		FE268D032AADF82E001458FD /* Release */ = {
			isa = XCBuildConfiguration;
			buildSettings = {
				ALWAYS_SEARCH_USER_PATHS = NO;
				CLANG_ANALYZER_NONNULL = YES;
				CLANG_ANALYZER_NUMBER_OBJECT_CONVERSION = YES_AGGRESSIVE;
				CLANG_CXX_LANGUAGE_STANDARD = "gnu++20";
				CLANG_ENABLE_MODULES = YES;
				CLANG_ENABLE_OBJC_ARC = YES;
				CLANG_ENABLE_OBJC_WEAK = YES;
				CLANG_WARN_BLOCK_CAPTURE_AUTORELEASING = YES;
				CLANG_WARN_BOOL_CONVERSION = YES;
				CLANG_WARN_COMMA = YES;
				CLANG_WARN_CONSTANT_CONVERSION = YES;
				CLANG_WARN_DEPRECATED_OBJC_IMPLEMENTATIONS = YES;
				CLANG_WARN_DIRECT_OBJC_ISA_USAGE = YES_ERROR;
				CLANG_WARN_DOCUMENTATION_COMMENTS = YES;
				CLANG_WARN_EMPTY_BODY = YES;
				CLANG_WARN_ENUM_CONVERSION = YES;
				CLANG_WARN_INFINITE_RECURSION = YES;
				CLANG_WARN_INT_CONVERSION = YES;
				CLANG_WARN_NON_LITERAL_NULL_CONVERSION = YES;
				CLANG_WARN_OBJC_IMPLICIT_RETAIN_SELF = YES;
				CLANG_WARN_OBJC_LITERAL_CONVERSION = YES;
				CLANG_WARN_OBJC_ROOT_CLASS = YES_ERROR;
				CLANG_WARN_QUOTED_INCLUDE_IN_FRAMEWORK_HEADER = YES;
				CLANG_WARN_RANGE_LOOP_ANALYSIS = YES;
				CLANG_WARN_STRICT_PROTOTYPES = YES;
				CLANG_WARN_SUSPICIOUS_MOVE = YES;
				CLANG_WARN_UNGUARDED_AVAILABILITY = YES_AGGRESSIVE;
				CLANG_WARN_UNREACHABLE_CODE = YES;
				CLANG_WARN__DUPLICATE_METHOD_MATCH = YES;
				COPY_PHASE_STRIP = NO;
				DEBUG_INFORMATION_FORMAT = "dwarf-with-dsym";
				ENABLE_NS_ASSERTIONS = NO;
				ENABLE_STRICT_OBJC_MSGSEND = YES;
				GCC_C_LANGUAGE_STANDARD = gnu11;
				GCC_NO_COMMON_BLOCKS = YES;
				GCC_WARN_64_TO_32_BIT_CONVERSION = YES;
				GCC_WARN_ABOUT_RETURN_TYPE = YES_ERROR;
				GCC_WARN_UNDECLARED_SELECTOR = YES;
				GCC_WARN_UNINITIALIZED_AUTOS = YES_AGGRESSIVE;
				GCC_WARN_UNUSED_FUNCTION = YES;
				GCC_WARN_UNUSED_VARIABLE = YES;
				IPHONEOS_DEPLOYMENT_TARGET = 16.0;
				MTL_ENABLE_DEBUG_INFO = NO;
				MTL_FAST_MATH = YES;
				SDKROOT = iphoneos;
				SWIFT_COMPILATION_MODE = wholemodule;
				SWIFT_OPTIMIZATION_LEVEL = "-O";
				VALIDATE_PRODUCT = YES;
			};
			name = Release;
		};
		FE268D052AADF82E001458FD /* Debug */ = {
			isa = XCBuildConfiguration;
			buildSettings = {
				ASSETCATALOG_COMPILER_APPICON_NAME = AppIcon;
				ASSETCATALOG_COMPILER_GLOBAL_ACCENT_COLOR_NAME = AccentColor;
				CODE_SIGN_STYLE = Automatic;
				CURRENT_PROJECT_VERSION = 1;
				DEVELOPMENT_ASSET_PATHS = "\"CryptoApp/Preview Content\"";
				ENABLE_PREVIEWS = YES;
				GENERATE_INFOPLIST_FILE = YES;
				INFOPLIST_KEY_CFBundleDisplayName = "Crypto Tracker";
				INFOPLIST_KEY_UIApplicationSceneManifest_Generation = YES;
				INFOPLIST_KEY_UIApplicationSupportsIndirectInputEvents = YES;
				INFOPLIST_KEY_UILaunchScreen_Generation = YES;
				INFOPLIST_KEY_UISupportedInterfaceOrientations = UIInterfaceOrientationPortrait;
				LD_RUNPATH_SEARCH_PATHS = (
					"$(inherited)",
					"@executable_path/Frameworks",
				);
				MARKETING_VERSION = 1.0;
				PRODUCT_BUNDLE_IDENTIFIER = tr.com.CryptoApp;
				PRODUCT_NAME = "$(TARGET_NAME)";
				SWIFT_EMIT_LOC_STRINGS = YES;
				SWIFT_VERSION = 5.0;
				TARGETED_DEVICE_FAMILY = "1,2";
			};
			name = Debug;
		};
		FE268D062AADF82E001458FD /* Release */ = {
			isa = XCBuildConfiguration;
			buildSettings = {
				ASSETCATALOG_COMPILER_APPICON_NAME = AppIcon;
				ASSETCATALOG_COMPILER_GLOBAL_ACCENT_COLOR_NAME = AccentColor;
				CODE_SIGN_STYLE = Automatic;
				CURRENT_PROJECT_VERSION = 1;
				DEVELOPMENT_ASSET_PATHS = "\"CryptoApp/Preview Content\"";
				ENABLE_PREVIEWS = YES;
				GENERATE_INFOPLIST_FILE = YES;
				INFOPLIST_KEY_CFBundleDisplayName = "Crypto Tracker";
				INFOPLIST_KEY_UIApplicationSceneManifest_Generation = YES;
				INFOPLIST_KEY_UIApplicationSupportsIndirectInputEvents = YES;
				INFOPLIST_KEY_UILaunchScreen_Generation = YES;
				INFOPLIST_KEY_UISupportedInterfaceOrientations = UIInterfaceOrientationPortrait;
				LD_RUNPATH_SEARCH_PATHS = (
					"$(inherited)",
					"@executable_path/Frameworks",
				);
				MARKETING_VERSION = 1.0;
				PRODUCT_BUNDLE_IDENTIFIER = tr.com.CryptoApp;
				PRODUCT_NAME = "$(TARGET_NAME)";
				SWIFT_EMIT_LOC_STRINGS = YES;
				SWIFT_VERSION = 5.0;
				TARGETED_DEVICE_FAMILY = "1,2";
			};
			name = Release;
		};
		FE268D082AADF82E001458FD /* Debug */ = {
			isa = XCBuildConfiguration;
			buildSettings = {
				ALWAYS_EMBED_SWIFT_STANDARD_LIBRARIES = YES;
				BUNDLE_LOADER = "$(TEST_HOST)";
				CODE_SIGN_STYLE = Automatic;
				CURRENT_PROJECT_VERSION = 1;
				GENERATE_INFOPLIST_FILE = YES;
				IPHONEOS_DEPLOYMENT_TARGET = 16.0;
				MARKETING_VERSION = 1.0;
				PRODUCT_BUNDLE_IDENTIFIER = tr.com.CryptoAppTests;
				PRODUCT_NAME = "$(TARGET_NAME)";
				SWIFT_EMIT_LOC_STRINGS = NO;
				SWIFT_VERSION = 5.0;
				TARGETED_DEVICE_FAMILY = "1,2";
				TEST_HOST = "$(BUILT_PRODUCTS_DIR)/CryptoApp.app/$(BUNDLE_EXECUTABLE_FOLDER_PATH)/CryptoApp";
			};
			name = Debug;
		};
		FE268D092AADF82E001458FD /* Release */ = {
			isa = XCBuildConfiguration;
			buildSettings = {
				ALWAYS_EMBED_SWIFT_STANDARD_LIBRARIES = YES;
				BUNDLE_LOADER = "$(TEST_HOST)";
				CODE_SIGN_STYLE = Automatic;
				CURRENT_PROJECT_VERSION = 1;
				GENERATE_INFOPLIST_FILE = YES;
				IPHONEOS_DEPLOYMENT_TARGET = 16.0;
				MARKETING_VERSION = 1.0;
				PRODUCT_BUNDLE_IDENTIFIER = tr.com.CryptoAppTests;
				PRODUCT_NAME = "$(TARGET_NAME)";
				SWIFT_EMIT_LOC_STRINGS = NO;
				SWIFT_VERSION = 5.0;
				TARGETED_DEVICE_FAMILY = "1,2";
				TEST_HOST = "$(BUILT_PRODUCTS_DIR)/CryptoApp.app/$(BUNDLE_EXECUTABLE_FOLDER_PATH)/CryptoApp";
			};
			name = Release;
		};
		FE268D0B2AADF82E001458FD /* Debug */ = {
			isa = XCBuildConfiguration;
			buildSettings = {
				ALWAYS_EMBED_SWIFT_STANDARD_LIBRARIES = YES;
				CODE_SIGN_STYLE = Automatic;
				CURRENT_PROJECT_VERSION = 1;
				GENERATE_INFOPLIST_FILE = YES;
				MARKETING_VERSION = 1.0;
				PRODUCT_BUNDLE_IDENTIFIER = tr.com.CryptoAppUITests;
				PRODUCT_NAME = "$(TARGET_NAME)";
				SWIFT_EMIT_LOC_STRINGS = NO;
				SWIFT_VERSION = 5.0;
				TARGETED_DEVICE_FAMILY = "1,2";
				TEST_TARGET_NAME = CryptoApp;
			};
			name = Debug;
		};
		FE268D0C2AADF82E001458FD /* Release */ = {
			isa = XCBuildConfiguration;
			buildSettings = {
				ALWAYS_EMBED_SWIFT_STANDARD_LIBRARIES = YES;
				CODE_SIGN_STYLE = Automatic;
				CURRENT_PROJECT_VERSION = 1;
				GENERATE_INFOPLIST_FILE = YES;
				MARKETING_VERSION = 1.0;
				PRODUCT_BUNDLE_IDENTIFIER = tr.com.CryptoAppUITests;
				PRODUCT_NAME = "$(TARGET_NAME)";
				SWIFT_EMIT_LOC_STRINGS = NO;
				SWIFT_VERSION = 5.0;
				TARGETED_DEVICE_FAMILY = "1,2";
				TEST_TARGET_NAME = CryptoApp;
			};
			name = Release;
		};
/* End XCBuildConfiguration section */

/* Begin XCConfigurationList section */
		FE268CDB2AADF82C001458FD /* Build configuration list for PBXProject "CryptoApp" */ = {
			isa = XCConfigurationList;
			buildConfigurations = (
				FE268D022AADF82E001458FD /* Debug */,
				FE268D032AADF82E001458FD /* Release */,
			);
			defaultConfigurationIsVisible = 0;
			defaultConfigurationName = Release;
		};
		FE268D042AADF82E001458FD /* Build configuration list for PBXNativeTarget "CryptoApp" */ = {
			isa = XCConfigurationList;
			buildConfigurations = (
				FE268D052AADF82E001458FD /* Debug */,
				FE268D062AADF82E001458FD /* Release */,
			);
			defaultConfigurationIsVisible = 0;
			defaultConfigurationName = Release;
		};
		FE268D072AADF82E001458FD /* Build configuration list for PBXNativeTarget "CryptoAppTests" */ = {
			isa = XCConfigurationList;
			buildConfigurations = (
				FE268D082AADF82E001458FD /* Debug */,
				FE268D092AADF82E001458FD /* Release */,
			);
			defaultConfigurationIsVisible = 0;
			defaultConfigurationName = Release;
		};
		FE268D0A2AADF82E001458FD /* Build configuration list for PBXNativeTarget "CryptoAppUITests" */ = {
			isa = XCConfigurationList;
			buildConfigurations = (
				FE268D0B2AADF82E001458FD /* Debug */,
				FE268D0C2AADF82E001458FD /* Release */,
			);
			defaultConfigurationIsVisible = 0;
			defaultConfigurationName = Release;
		};
/* End XCConfigurationList section */
	};
	rootObject = FE268CD82AADF82C001458FD /* Project object */;
}
